Microsoft Visual Studio Solution File, Format Version 12.00
# Visual Studio 15
VisualStudioVersion = 15.0.26124.0
MinimumVisualStudioVersion = 15.0.26124.0
Project("{9A19103F-16F7-4668-BE54-9A1E7A4F7556}") = "BookingService.API", "MovieCruiser.API\BookingService.API.csproj", "{EEC1883E-6D84-420E-AB9B-697D5A7EB176}"
EndProject
Project("{9A19103F-16F7-4668-BE54-9A1E7A4F7556}") = "BookingService.API.Test", "MovieCruiser.API.Test\BookingService.API.Test.csproj", "{37E37633-C486-435E-A26A-CD85F21232A9}"
EndProject
Project("{9A19103F-16F7-4668-BE54-9A1E7A4F7556}") = "AuthService.API", "AuthService.API\AuthService.API.csproj", "{9A221DED-30FD-488D-9281-9750E7F932FE}"
EndProject
Project("{9A19103F-16F7-4668-BE54-9A1E7A4F7556}") = "AuthService.API.Test", "AuthService.API.Test\AuthService.API.Test.csproj", "{CF98B97B-5105-43FE-93AF-5D69CBB8BAA1}"
EndProject
Global
	GlobalSection(SolutionConfigurationPlatforms) = preSolution
		Debug|Any CPU = Debug|Any CPU
		Debug|x64 = Debug|x64
		Debug|x86 = Debug|x86
		Release|Any CPU = Release|Any CPU
		Release|x64 = Release|x64
		Release|x86 = Release|x86
	EndGlobalSection
	GlobalSection(ProjectConfigurationPlatforms) = postSolution
		{EEC1883E-6D84-420E-AB9B-697D5A7EB176}.Debug|Any CPU.ActiveCfg = Debug|Any CPU
		{EEC1883E-6D84-420E-AB9B-697D5A7EB176}.Debug|Any CPU.Build.0 = Debug|Any CPU
		{EEC1883E-6D84-420E-AB9B-697D5A7EB176}.Debug|x64.ActiveCfg = Debug|Any CPU
		{EEC1883E-6D84-420E-AB9B-697D5A7EB176}.Debug|x64.Build.0 = Debug|Any CPU
		{EEC1883E-6D84-420E-AB9B-697D5A7EB176}.Debug|x86.ActiveCfg = Debug|Any CPU
		{EEC1883E-6D84-420E-AB9B-697D5A7EB176}.Debug|x86.Build.0 = Debug|Any CPU
		{EEC1883E-6D84-420E-AB9B-697D5A7EB176}.Release|Any CPU.ActiveCfg = Release|Any CPU
		{EEC1883E-6D84-420E-AB9B-697D5A7EB176}.Release|Any CPU.Build.0 = Release|Any CPU
		{EEC1883E-6D84-420E-AB9B-697D5A7EB176}.Release|x64.ActiveCfg = Release|Any CPU
		{EEC1883E-6D84-420E-AB9B-697D5A7EB176}.Release|x64.Build.0 = Release|Any CPU
		{EEC1883E-6D84-420E-AB9B-697D5A7EB176}.Release|x86.ActiveCfg = Release|Any CPU
		{EEC1883E-6D84-420E-AB9B-697D5A7EB176}.Release|x86.Build.0 = Release|Any CPU
		{37E37633-C486-435E-A26A-CD85F21232A9}.Debug|Any CPU.ActiveCfg = Debug|Any CPU
		{37E37633-C486-435E-A26A-CD85F21232A9}.Debug|Any CPU.Build.0 = Debug|Any CPU
		{37E37633-C486-435E-A26A-CD85F21232A9}.Debug|x64.ActiveCfg = Debug|Any CPU
		{37E37633-C486-435E-A26A-CD85F21232A9}.Debug|x64.Build.0 = Debug|Any CPU
		{37E37633-C486-435E-A26A-CD85F21232A9}.Debug|x86.ActiveCfg = Debug|Any CPU
		{37E37633-C486-435E-A26A-CD85F21232A9}.Debug|x86.Build.0 = Debug|Any CPU
		{37E37633-C486-435E-A26A-CD85F21232A9}.Release|Any CPU.ActiveCfg = Release|Any CPU
		{37E37633-C486-435E-A26A-CD85F21232A9}.Release|Any CPU.Build.0 = Release|Any CPU
		{37E37633-C486-435E-A26A-CD85F21232A9}.Release|x64.ActiveCfg = Release|Any CPU
		{37E37633-C486-435E-A26A-CD85F21232A9}.Release|x64.Build.0 = Release|Any CPU
		{37E37633-C486-435E-A26A-CD85F21232A9}.Release|x86.ActiveCfg = Release|Any CPU
		{37E37633-C486-435E-A26A-CD85F21232A9}.Release|x86.Build.0 = Release|Any CPU
		{9A221DED-30FD-488D-9281-9750E7F932FE}.Debug|Any CPU.ActiveCfg = Debug|Any CPU
		{9A221DED-30FD-488D-9281-9750E7F932FE}.Debug|Any CPU.Build.0 = Debug|Any CPU
		{9A221DED-30FD-488D-9281-9750E7F932FE}.Debug|x64.ActiveCfg = Debug|Any CPU
		{9A221DED-30FD-488D-9281-9750E7F932FE}.Debug|x64.Build.0 = Debug|Any CPU
		{9A221DED-30FD-488D-9281-9750E7F932FE}.Debug|x86.ActiveCfg = Debug|Any CPU
		{9A221DED-30FD-488D-9281-9750E7F932FE}.Debug|x86.Build.0 = Debug|Any CPU
		{9A221DED-30FD-488D-9281-9750E7F932FE}.Release|Any CPU.ActiveCfg = Release|Any CPU
		{9A221DED-30FD-488D-9281-9750E7F932FE}.Release|Any CPU.Build.0 = Release|Any CPU
		{9A221DED-30FD-488D-9281-9750E7F932FE}.Release|x64.ActiveCfg = Release|Any CPU
		{9A221DED-30FD-488D-9281-9750E7F932FE}.Release|x64.Build.0 = Release|Any CPU
		{9A221DED-30FD-488D-9281-9750E7F932FE}.Release|x86.ActiveCfg = Release|Any CPU
		{9A221DED-30FD-488D-9281-9750E7F932FE}.Release|x86.Build.0 = Release|Any CPU
		{CF98B97B-5105-43FE-93AF-5D69CBB8BAA1}.Debug|Any CPU.ActiveCfg = Debug|Any CPU
		{CF98B97B-5105-43FE-93AF-5D69CBB8BAA1}.Debug|Any CPU.Build.0 = Debug|Any CPU
		{CF98B97B-5105-43FE-93AF-5D69CBB8BAA1}.Debug|x64.ActiveCfg = Debug|Any CPU
		{CF98B97B-5105-43FE-93AF-5D69CBB8BAA1}.Debug|x64.Build.0 = Debug|Any CPU
		{CF98B97B-5105-43FE-93AF-5D69CBB8BAA1}.Debug|x86.ActiveCfg = Debug|Any CPU
		{CF98B97B-5105-43FE-93AF-5D69CBB8BAA1}.Debug|x86.Build.0 = Debug|Any CPU
		{CF98B97B-5105-43FE-93AF-5D69CBB8BAA1}.Release|Any CPU.ActiveCfg = Release|Any CPU
		{CF98B97B-5105-43FE-93AF-5D69CBB8BAA1}.Release|Any CPU.Build.0 = Release|Any CPU
		{CF98B97B-5105-43FE-93AF-5D69CBB8BAA1}.Release|x64.ActiveCfg = Release|Any CPU
		{CF98B97B-5105-43FE-93AF-5D69CBB8BAA1}.Release|x64.Build.0 = Release|Any CPU
		{CF98B97B-5105-43FE-93AF-5D69CBB8BAA1}.Release|x86.ActiveCfg = Release|Any CPU
		{CF98B97B-5105-43FE-93AF-5D69CBB8BAA1}.Release|x86.Build.0 = Release|Any CPU
	EndGlobalSection
	GlobalSection(SolutionProperties) = preSolution
		HideSolutionNode = FALSE
	EndGlobalSection
	GlobalSection(ExtensibilityGlobals) = postSolution
		SolutionGuid = {16B71629-0017-4D58-BFD2-FA5B46AA8528}
	EndGlobalSection
EndGlobal
